{
  "name": "sendmail",
  "version": "1.0.0",
  "lockfileVersion": 2,
  "requires": true,
  "packages": {
    "": {
      "version": "1.0.0",
      "license": "ISC",
      "dependencies": {
        "@sendgrid/mail": "^7.4.4"
      }
    },
    "node_modules/@sendgrid/client": {
      "version": "7.4.3",
      "resolved": "https://registry.npmjs.org/@sendgrid/client/-/client-7.4.3.tgz",
      "integrity": "sha512-tTaHx893w5iqG0sVtUnMyRchuwYF95k4UOkmov1MouMIeMUbNvbalITo7cG7YSXUTY9rT2t4eBY6HcEBCVeqfg==",
      "license": "MIT",
      "dependencies": {
        "@sendgrid/helpers": "^7.4.3",
        "axios": "^0.21.1"
      },
      "engines": {
        "node": "6.* || 8.* || >=10.*"
      }
    },
    "node_modules/@sendgrid/helpers": {
      "version": "7.4.3",
      "resolved": "https://registry.npmjs.org/@sendgrid/helpers/-/helpers-7.4.3.tgz",
      "integrity": "sha512-Wt+68g1sVEM5UspJh34O/cxtv6BBbtAIk7U9B3PB2ySOtPs9e6hI1QkgYVwpNmkt7k2p86muUNyma/Aig25agg==",
      "license": "MIT",
      "dependencies": {
        "deepmerge": "^4.2.2"
      },
      "engines": {
        "node": ">= 6.0.0"
      }
    },
    "node_modules/@sendgrid/mail": {
      "version": "7.4.4",
      "resolved": "https://registry.npmjs.org/@sendgrid/mail/-/mail-7.4.4.tgz",
      "integrity": "sha512-9+dyArajxbPY7eJJAd2eps7MVsXW9E4Y294gWeMYku0/Id/qAivexidjstvkkVlZdlrHbEsGDlnMEcw2eXOiFg==",
      "license": "MIT",
      "dependencies": {
        "@sendgrid/client": "^7.4.3",
        "@sendgrid/helpers": "^7.4.3"
      },
      "engines": {
        "node": "6.* || 8.* || >=10.*"
      }
    },
    "node_modules/axios": {
      "version": "0.21.1",
      "resolved": "https://registry.npmjs.org/axios/-/axios-0.21.1.tgz",
      "integrity": "sha512-dKQiRHxGD9PPRIUNIWvZhPTPpl1rf/OxTYKsqKUDjBwYylTvV7SjSHJb9ratfyzM6wCdLCOYLzs73qpg5c4iGA==",
      "license": "MIT",
      "dependencies": {
        "follow-redirects": "^1.10.0"
      }
    },
    "node_modules/deepmerge": {
      "version": "4.2.2",
      "resolved": "https://registry.npmjs.org/deepmerge/-/deepmerge-4.2.2.tgz",
      "integrity": "sha512-FJ3UgI4gIl+PHZm53knsuSFpE+nESMr7M4v9QcgB7S63Kj/6WqMiFQJpBBYz1Pt+66bZpP3Q7Lye0Oo9MPKEdg==",
      "license": "MIT",
      "engines": {
        "node": ">=0.10.0"
      }
    },
    "node_modules/follow-redirects": {
      "version": "1.14.1",
      "resolved": "https://registry.npmjs.org/follow-redirects/-/follow-redirects-1.14.1.tgz",
      "integrity": "sha512-HWqDgT7ZEkqRzBvc2s64vSZ/hfOceEol3ac/7tKwzuvEyWx3/4UegXh5oBOIotkGsObyk3xznnSRVADBgWSQVg==",
      "funding": [
        {
          "type": "individual",
          "url": "https://github.com/sponsors/RubenVerborgh"
        }
      ],
      "license": "MIT",
      "engines": {
        "node": ">=4.0"
      },
      "peerDependenciesMeta": {
        "debug": {
          "optional": true
        }
      }
    }
  },
  "dependencies": {
    "@sendgrid/client": {
      "version": "7.4.3",
      "resolved": "https://registry.npmjs.org/@sendgrid/client/-/client-7.4.3.tgz",
      "integrity": "sha512-tTaHx893w5iqG0sVtUnMyRchuwYF95k4UOkmov1MouMIeMUbNvbalITo7cG7YSXUTY9rT2t4eBY6HcEBCVeqfg==",
      "requires": {
        "@sendgrid/helpers": "^7.4.3",
        "axios": "^0.21.1"
      }
    },
    "@sendgrid/helpers": {
      "version": "7.4.3",
      "resolved": "https://registry.npmjs.org/@sendgrid/helpers/-/helpers-7.4.3.tgz",
      "integrity": "sha512-Wt+68g1sVEM5UspJh34O/cxtv6BBbtAIk7U9B3PB2ySOtPs9e6hI1QkgYVwpNmkt7k2p86muUNyma/Aig25agg==",
      "requires": {
        "deepmerge": "^4.2.2"
      }
    },
    "@sendgrid/mail": {
      "version": "7.4.4",
      "resolved": "https://registry.npmjs.org/@sendgrid/mail/-/mail-7.4.4.tgz",
      "integrity": "sha512-9+dyArajxbPY7eJJAd2eps7MVsXW9E4Y294gWeMYku0/Id/qAivexidjstvkkVlZdlrHbEsGDlnMEcw2eXOiFg==",
      "requires": {
        "@sendgrid/client": "^7.4.3",
        "@sendgrid/helpers": "^7.4.3"
      }
    },
    "axios": {
      "version": "0.21.1",
      "resolved": "https://registry.npmjs.org/axios/-/axios-0.21.1.tgz",
      "integrity": "sha512-dKQiRHxGD9PPRIUNIWvZhPTPpl1rf/OxTYKsqKUDjBwYylTvV7SjSHJb9ratfyzM6wCdLCOYLzs73qpg5c4iGA==",
      "requires": {
        "follow-redirects": "^1.10.0"
      }
    },
    "deepmerge": {
      "version": "4.2.2",
      "resolved": "https://registry.npmjs.org/deepmerge/-/deepmerge-4.2.2.tgz",
      "integrity": "sha512-FJ3UgI4gIl+PHZm53knsuSFpE+nESMr7M4v9QcgB7S63Kj/6WqMiFQJpBBYz1Pt+66bZpP3Q7Lye0Oo9MPKEdg=="
    },
    "follow-redirects": {
      "version": "1.14.1",
      "resolved": "https://registry.npmjs.org/follow-redirects/-/follow-redirects-1.14.1.tgz",
      "integrity": "sha512-HWqDgT7ZEkqRzBvc2s64vSZ/hfOceEol3ac/7tKwzuvEyWx3/4UegXh5oBOIotkGsObyk3xznnSRVADBgWSQVg=="
    }
  }
}
